// !$*UTF8*$!
{
	archiveVersion = 1;
	classes = {
	};
	objectVersion = 55;
	objects = {

/* Begin PBXBuildFile section */
		9EFC91B3281545DF00630083 /* ProgressView_SwiftUIApp.swift in Sources */ = {isa = PBXBuildFile; fileRef = 9EFC91B2281545DF00630083 /* ProgressView_SwiftUIApp.swift */; };
		9EFC91B5281545DF00630083 /* ContentView.swift in Sources */ = {isa = PBXBuildFile; fileRef = 9EFC91B4281545DF00630083 /* ContentView.swift */; };
		9EFC91B7281545E100630083 /* Assets.xcassets in Resources */ = {isa = PBXBuildFile; fileRef = 9EFC91B6281545E100630083 /* Assets.xcassets */; };
		9EFC91BA281545E100630083 /* Preview Assets.xcassets in Resources */ = {isa = PBXBuildFile; fileRef = 9EFC91B9281545E100630083 /* Preview Assets.xcassets */; };
		9EFC91BC281545E100630083 /* Persistence.swift in Sources */ = {isa = PBXBuildFile; fileRef = 9EFC91BB281545E100630083 /* Persistence.swift */; };
		9EFC91BF281545E100630083 /* ProgressView_SwiftUI.xcdatamodeld in Sources */ = {isa = PBXBuildFile; fileRef = 9EFC91BD281545E100630083 /* ProgressView_SwiftUI.xcdatamodeld */; };
		9EFC91C9281545E200630083 /* ProgressView_SwiftUITests.swift in Sources */ = {isa = PBXBuildFile; fileRef = 9EFC91C8281545E200630083 /* ProgressView_SwiftUITests.swift */; };
		9EFC91D3281545E200630083 /* ProgressView_SwiftUIUITests.swift in Sources */ = {isa = PBXBuildFile; fileRef = 9EFC91D2281545E200630083 /* ProgressView_SwiftUIUITests.swift */; };
		9EFC91D5281545E200630083 /* ProgressView_SwiftUIUITestsLaunchTests.swift in Sources */ = {isa = PBXBuildFile; fileRef = 9EFC91D4281545E200630083 /* ProgressView_SwiftUIUITestsLaunchTests.swift */; };
/* End PBXBuildFile section */

/* Begin PBXContainerItemProxy section */
		9EFC91C5281545E200630083 /* PBXContainerItemProxy */ = {
			isa = PBXContainerItemProxy;
			containerPortal = 9EFC91A7281545DF00630083 /* Project object */;
			proxyType = 1;
			remoteGlobalIDString = 9EFC91AE281545DF00630083;
			remoteInfo = ProgressView_SwiftUI;
		};
		9EFC91CF281545E200630083 /* PBXContainerItemProxy */ = {
			isa = PBXContainerItemProxy;
			containerPortal = 9EFC91A7281545DF00630083 /* Project object */;
			proxyType = 1;
			remoteGlobalIDString = 9EFC91AE281545DF00630083;
			remoteInfo = ProgressView_SwiftUI;
		};
/* End PBXContainerItemProxy section */

/* Begin PBXFileReference section */
		9EFC91AF281545DF00630083 /* ProgressView_SwiftUI.app */ = {isa = PBXFileReference; explicitFileType = wrapper.application; includeInIndex = 0; path = ProgressView_SwiftUI.app; sourceTree = BUILT_PRODUCTS_DIR; };
		9EFC91B2281545DF00630083 /* ProgressView_SwiftUIApp.swift */ = {isa = PBXFileReference; lastKnownFileType = sourcecode.swift; path = ProgressView_SwiftUIApp.swift; sourceTree = "<group>"; };
		9EFC91B4281545DF00630083 /* ContentView.swift */ = {isa = PBXFileReference; lastKnownFileType = sourcecode.swift; path = ContentView.swift; sourceTree = "<group>"; };
		9EFC91B6281545E100630083 /* Assets.xcassets */ = {isa = PBXFileReference; lastKnownFileType = folder.assetcatalog; path = Assets.xcassets; sourceTree = "<group>"; };
		9EFC91B9281545E100630083 /* Preview Assets.xcassets */ = {isa = PBXFileReference; lastKnownFileType = folder.assetcatalog; path = "Preview Assets.xcassets"; sourceTree = "<group>"; };
		9EFC91BB281545E100630083 /* Persistence.swift */ = {isa = PBXFileReference; lastKnownFileType = sourcecode.swift; path = Persistence.swift; sourceTree = "<group>"; };
		9EFC91BE281545E100630083 /* ProgressView_SwiftUI.xcdatamodel */ = {isa = PBXFileReference; lastKnownFileType = wrapper.xcdatamodel; path = ProgressView_SwiftUI.xcdatamodel; sourceTree = "<group>"; };
		9EFC91C4281545E200630083 /* ProgressView_SwiftUITests.xctest */ = {isa = PBXFileReference; explicitFileType = wrapper.cfbundle; includeInIndex = 0; path = ProgressView_SwiftUITests.xctest; sourceTree = BUILT_PRODUCTS_DIR; };
		9EFC91C8281545E200630083 /* ProgressView_SwiftUITests.swift */ = {isa = PBXFileReference; lastKnownFileType = sourcecode.swift; path = ProgressView_SwiftUITests.swift; sourceTree = "<group>"; };
		9EFC91CE281545E200630083 /* ProgressView_SwiftUIUITests.xctest */ = {isa = PBXFileReference; explicitFileType = wrapper.cfbundle; includeInIndex = 0; path = ProgressView_SwiftUIUITests.xctest; sourceTree = BUILT_PRODUCTS_DIR; };
		9EFC91D2281545E200630083 /* ProgressView_SwiftUIUITests.swift */ = {isa = PBXFileReference; lastKnownFileType = sourcecode.swift; path = ProgressView_SwiftUIUITests.swift; sourceTree = "<group>"; };
		9EFC91D4281545E200630083 /* ProgressView_SwiftUIUITestsLaunchTests.swift */ = {isa = PBXFileReference; lastKnownFileType = sourcecode.swift; path = ProgressView_SwiftUIUITestsLaunchTests.swift; sourceTree = "<group>"; };
/* End PBXFileReference section */

/* Begin PBXFrameworksBuildPhase section */
		9EFC91AC281545DF00630083 /* Frameworks */ = {
			isa = PBXFrameworksBuildPhase;
			buildActionMask = 2147483647;
			files = (
			);
			runOnlyForDeploymentPostprocessing = 0;
		};
		9EFC91C1281545E200630083 /* Frameworks */ = {
			isa = PBXFrameworksBuildPhase;
			buildActionMask = 2147483647;
			files = (
			);
			runOnlyForDeploymentPostprocessing = 0;
		};
		9EFC91CB281545E200630083 /* Frameworks */ = {
			isa = PBXFrameworksBuildPhase;
			buildActionMask = 2147483647;
			files = (
			);
			runOnlyForDeploymentPostprocessing = 0;
		};
/* End PBXFrameworksBuildPhase section */

/* Begin PBXGroup section */
		9EFC91A6281545DF00630083 = {
			isa = PBXGroup;
			children = (
				9EFC91B1281545DF00630083 /* ProgressView_SwiftUI */,
				9EFC91C7281545E200630083 /* ProgressView_SwiftUITests */,
				9EFC91D1281545E200630083 /* ProgressView_SwiftUIUITests */,
				9EFC91B0281545DF00630083 /* Products */,
			);
			sourceTree = "<group>";
		};
		9EFC91B0281545DF00630083 /* Products */ = {
			isa = PBXGroup;
			children = (
				9EFC91AF281545DF00630083 /* ProgressView_SwiftUI.app */,
				9EFC91C4281545E200630083 /* ProgressView_SwiftUITests.xctest */,
				9EFC91CE281545E200630083 /* ProgressView_SwiftUIUITests.xctest */,
			);
			name = Products;
			sourceTree = "<group>";
		};
		9EFC91B1281545DF00630083 /* ProgressView_SwiftUI */ = {
			isa = PBXGroup;
			children = (
				9EFC91B2281545DF00630083 /* ProgressView_SwiftUIApp.swift */,
				9EFC91B4281545DF00630083 /* ContentView.swift */,
				9EFC91B6281545E100630083 /* Assets.xcassets */,
				9EFC91BB281545E100630083 /* Persistence.swift */,
				9EFC91BD281545E100630083 /* ProgressView_SwiftUI.xcdatamodeld */,
				9EFC91B8281545E100630083 /* Preview Content */,
			);
			path = ProgressView_SwiftUI;
			sourceTree = "<group>";
		};
		9EFC91B8281545E100630083 /* Preview Content */ = {
			isa = PBXGroup;
			children = (
				9EFC91B9281545E100630083 /* Preview Assets.xcassets */,
			);
			path = "Preview Content";
			sourceTree = "<group>";
		};
		9EFC91C7281545E200630083 /* ProgressView_SwiftUITests */ = {
			isa = PBXGroup;
			children = (
				9EFC91C8281545E200630083 /* ProgressView_SwiftUITests.swift */,
			);
			path = ProgressView_SwiftUITests;
			sourceTree = "<group>";
		};
		9EFC91D1281545E200630083 /* ProgressView_SwiftUIUITests */ = {
			isa = PBXGroup;
			children = (
				9EFC91D2281545E200630083 /* ProgressView_SwiftUIUITests.swift */,
				9EFC91D4281545E200630083 /* ProgressView_SwiftUIUITestsLaunchTests.swift */,
			);
			path = ProgressView_SwiftUIUITests;
			sourceTree = "<group>";
		};
/* End PBXGroup section */

/* Begin PBXNativeTarget section */
		9EFC91AE281545DF00630083 /* ProgressView_SwiftUI */ = {
			isa = PBXNativeTarget;
			buildConfigurationList = 9EFC91D8281545E200630083 /* Build configuration list for PBXNativeTarget "ProgressView_SwiftUI" */;
			buildPhases = (
				9EFC91AB281545DF00630083 /* Sources */,
				9EFC91AC281545DF00630083 /* Frameworks */,
				9EFC91AD281545DF00630083 /* Resources */,
			);
			buildRules = (
			);
			dependencies = (
			);
			name = ProgressView_SwiftUI;
			productName = ProgressView_SwiftUI;
			productReference = 9EFC91AF281545DF00630083 /* ProgressView_SwiftUI.app */;
			productType = "com.apple.product-type.application";
		};
		9EFC91C3281545E200630083 /* ProgressView_SwiftUITests */ = {
			isa = PBXNativeTarget;
			buildConfigurationList = 9EFC91DB281545E200630083 /* Build configuration list for PBXNativeTarget "ProgressView_SwiftUITests" */;
			buildPhases = (
				9EFC91C0281545E200630083 /* Sources */,
				9EFC91C1281545E200630083 /* Frameworks */,
				9EFC91C2281545E200630083 /* Resources */,
			);
			buildRules = (
			);
			dependencies = (
				9EFC91C6281545E200630083 /* PBXTargetDependency */,
			);
			name = ProgressView_SwiftUITests;
			productName = ProgressView_SwiftUITests;
			productReference = 9EFC91C4281545E200630083 /* ProgressView_SwiftUITests.xctest */;
			productType = "com.apple.product-type.bundle.unit-test";
		};
		9EFC91CD281545E200630083 /* ProgressView_SwiftUIUITests */ = {
			isa = PBXNativeTarget;
			buildConfigurationList = 9EFC91DE281545E200630083 /* Build configuration list for PBXNativeTarget "ProgressView_SwiftUIUITests" */;
			buildPhases = (
				9EFC91CA281545E200630083 /* Sources */,
				9EFC91CB281545E200630083 /* Frameworks */,
				9EFC91CC281545E200630083 /* Resources */,
			);
			buildRules = (
			);
			dependencies = (
				9EFC91D0281545E200630083 /* PBXTargetDependency */,
			);
			name = ProgressView_SwiftUIUITests;
			productName = ProgressView_SwiftUIUITests;
			productReference = 9EFC91CE281545E200630083 /* ProgressView_SwiftUIUITests.xctest */;
			productType = "com.apple.product-type.bundle.ui-testing";
		};
/* End PBXNativeTarget section */

/* Begin PBXProject section */
		9EFC91A7281545DF00630083 /* Project object */ = {
			isa = PBXProject;
			attributes = {
				BuildIndependentTargetsInParallel = 1;
				LastSwiftUpdateCheck = 1330;
				LastUpgradeCheck = 1330;
				TargetAttributes = {
					9EFC91AE281545DF00630083 = {
						CreatedOnToolsVersion = 13.3.1;
					};
					9EFC91C3281545E200630083 = {
						CreatedOnToolsVersion = 13.3.1;
						TestTargetID = 9EFC91AE281545DF00630083;
					};
					9EFC91CD281545E200630083 = {
						CreatedOnToolsVersion = 13.3.1;
						TestTargetID = 9EFC91AE281545DF00630083;
					};
				};
			};
			buildConfigurationList = 9EFC91AA281545DF00630083 /* Build configuration list for PBXProject "ProgressView_SwiftUI" */;
			compatibilityVersion = "Xcode 13.0";
			developmentRegion = en;
			hasScannedForEncodings = 0;
			knownRegions = (
				en,
				Base,
			);
			mainGroup = 9EFC91A6281545DF00630083;
			productRefGroup = 9EFC91B0281545DF00630083 /* Products */;
			projectDirPath = "";
			projectRoot = "";
			targets = (
				9EFC91AE281545DF00630083 /* ProgressView_SwiftUI */,
				9EFC91C3281545E200630083 /* ProgressView_SwiftUITests */,
				9EFC91CD281545E200630083 /* ProgressView_SwiftUIUITests */,
			);
		};
/* End PBXProject section */

/* Begin PBXResourcesBuildPhase section */
		9EFC91AD281545DF00630083 /* Resources */ = {
			isa = PBXResourcesBuildPhase;
			buildActionMask = 2147483647;
			files = (
				9EFC91BA281545E100630083 /* Preview Assets.xcassets in Resources */,
				9EFC91B7281545E100630083 /* Assets.xcassets in Resources */,
			);
			runOnlyForDeploymentPostprocessing = 0;
		};
		9EFC91C2281545E200630083 /* Resources */ = {
			isa = PBXResourcesBuildPhase;
			buildActionMask = 2147483647;
			files = (
			);
			runOnlyForDeploymentPostprocessing = 0;
		};
		9EFC91CC281545E200630083 /* Resources */ = {
			isa = PBXResourcesBuildPhase;
			buildActionMask = 2147483647;
			files = (
			);
			runOnlyForDeploymentPostprocessing = 0;
		};
/* End PBXResourcesBuildPhase section */

/* Begin PBXSourcesBuildPhase section */
		9EFC91AB281545DF00630083 /* Sources */ = {
			isa = PBXSourcesBuildPhase;
			buildActionMask = 2147483647;
			files = (
				9EFC91BC281545E100630083 /* Persistence.swift in Sources */,
				9EFC91BF281545E100630083 /* ProgressView_SwiftUI.xcdatamodeld in Sources */,
				9EFC91B5281545DF00630083 /* ContentView.swift in Sources */,
				9EFC91B3281545DF00630083 /* ProgressView_SwiftUIApp.swift in Sources */,
			);
			runOnlyForDeploymentPostprocessing = 0;
		};
		9EFC91C0281545E200630083 /* Sources */ = {
			isa = PBXSourcesBuildPhase;
			buildActionMask = 2147483647;
			files = (
				9EFC91C9281545E200630083 /* ProgressView_SwiftUITests.swift in Sources */,
			);
			runOnlyForDeploymentPostprocessing = 0;
		};
		9EFC91CA281545E200630083 /* Sources */ = {
			isa = PBXSourcesBuildPhase;
			buildActionMask = 2147483647;
			files = (
				9EFC91D5281545E200630083 /* ProgressView_SwiftUIUITestsLaunchTests.swift in Sources */,
				9EFC91D3281545E200630083 /* ProgressView_SwiftUIUITests.swift in Sources */,
			);
			runOnlyForDeploymentPostprocessing = 0;
		};
/* End PBXSourcesBuildPhase section */

/* Begin PBXTargetDependency section */
		9EFC91C6281545E200630083 /* PBXTargetDependency */ = {
			isa = PBXTargetDependency;
			target = 9EFC91AE281545DF00630083 /* ProgressView_SwiftUI */;
			targetProxy = 9EFC91C5281545E200630083 /* PBXContainerItemProxy */;
		};
		9EFC91D0281545E200630083 /* PBXTargetDependency */ = {
			isa = PBXTargetDependency;
			target = 9EFC91AE281545DF00630083 /* ProgressView_SwiftUI */;
			targetProxy = 9EFC91CF281545E200630083 /* PBXContainerItemProxy */;
		};
/* End PBXTargetDependency section */

/* Begin XCBuildConfiguration section */
		9EFC91D6281545E200630083 /* Debug */ = {
			isa = XCBuildConfiguration;
			buildSettings = {
				ALWAYS_SEARCH_USER_PATHS = NO;
				CLANG_ANALYZER_NONNULL = YES;
				CLANG_ANALYZER_NUMBER_OBJECT_CONVERSION = YES_AGGRESSIVE;
				CLANG_CXX_LANGUAGE_STANDARD = "gnu++17";
				CLANG_ENABLE_MODULES = YES;
				CLANG_ENABLE_OBJC_ARC = YES;
				CLANG_ENABLE_OBJC_WEAK = YES;
				CLANG_WARN_BLOCK_CAPTURE_AUTORELEASING = YES;
				CLANG_WARN_BOOL_CONVERSION = YES;
				CLANG_WARN_COMMA = YES;
				CLANG_WARN_CONSTANT_CONVERSION = YES;
				CLANG_WARN_DEPRECATED_OBJC_IMPLEMENTATIONS = YES;
				CLANG_WARN_DIRECT_OBJC_ISA_USAGE = YES_ERROR;
				CLANG_WARN_DOCUMENTATION_COMMENTS = YES;
				CLANG_WARN_EMPTY_BODY = YES;
				CLANG_WARN_ENUM_CONVERSION = YES;
				CLANG_WARN_INFINITE_RECURSION = YES;
				CLANG_WARN_INT_CONVERSION = YES;
				CLANG_WARN_NON_LITERAL_NULL_CONVERSION = YES;
				CLANG_WARN_OBJC_IMPLICIT_RETAIN_SELF = YES;
				CLANG_WARN_OBJC_LITERAL_CONVERSION = YES;
				CLANG_WARN_OBJC_ROOT_CLASS = YES_ERROR;
				CLANG_WARN_QUOTED_INCLUDE_IN_FRAMEWORK_HEADER = YES;
				CLANG_WARN_RANGE_LOOP_ANALYSIS = YES;
				CLANG_WARN_STRICT_PROTOTYPES = YES;
				CLANG_WARN_SUSPICIOUS_MOVE = YES;
				CLANG_WARN_UNGUARDED_AVAILABILITY = YES_AGGRESSIVE;
				CLANG_WARN_UNREACHABLE_CODE = YES;
				CLANG_WARN__DUPLICATE_METHOD_MATCH = YES;
				COPY_PHASE_STRIP = NO;
				DEBUG_INFORMATION_FORMAT = dwarf;
				ENABLE_STRICT_OBJC_MSGSEND = YES;
				ENABLE_TESTABILITY = YES;
				GCC_C_LANGUAGE_STANDARD = gnu11;
				GCC_DYNAMIC_NO_PIC = NO;
				GCC_NO_COMMON_BLOCKS = YES;
				GCC_OPTIMIZATION_LEVEL = 0;
				GCC_PREPROCESSOR_DEFINITIONS = (
					"DEBUG=1",
					"$(inherited)",
				);
				GCC_WARN_64_TO_32_BIT_CONVERSION = YES;
				GCC_WARN_ABOUT_RETURN_TYPE = YES_ERROR;
				GCC_WARN_UNDECLARED_SELECTOR = YES;
				GCC_WARN_UNINITIALIZED_AUTOS = YES_AGGRESSIVE;
				GCC_WARN_UNUSED_FUNCTION = YES;
				GCC_WARN_UNUSED_VARIABLE = YES;
				IPHONEOS_DEPLOYMENT_TARGET = 15.4;
				MTL_ENABLE_DEBUG_INFO = INCLUDE_SOURCE;
				MTL_FAST_MATH = YES;
				ONLY_ACTIVE_ARCH = YES;
				SDKROOT = iphoneos;
				SWIFT_ACTIVE_COMPILATION_CONDITIONS = DEBUG;
				SWIFT_OPTIMIZATION_LEVEL = "-Onone";
			};
			name = Debug;
		};
		9EFC91D7281545E200630083 /* Release */ = {
			isa = XCBuildConfiguration;
			buildSettings = {
				ALWAYS_SEARCH_USER_PATHS = NO;
				CLANG_ANALYZER_NONNULL = YES;
				CLANG_ANALYZER_NUMBER_OBJECT_CONVERSION = YES_AGGRESSIVE;
				CLANG_CXX_LANGUAGE_STANDARD = "gnu++17";
				CLANG_ENABLE_MODULES = YES;
				CLANG_ENABLE_OBJC_ARC = YES;
				CLANG_ENABLE_OBJC_WEAK = YES;
				CLANG_WARN_BLOCK_CAPTURE_AUTORELEASING = YES;
				CLANG_WARN_BOOL_CONVERSION = YES;
				CLANG_WARN_COMMA = YES;
				CLANG_WARN_CONSTANT_CONVERSION = YES;
				CLANG_WARN_DEPRECATED_OBJC_IMPLEMENTATIONS = YES;
				CLANG_WARN_DIRECT_OBJC_ISA_USAGE = YES_ERROR;
				CLANG_WARN_DOCUMENTATION_COMMENTS = YES;
				CLANG_WARN_EMPTY_BODY = YES;
				CLANG_WARN_ENUM_CONVERSION = YES;
				CLANG_WARN_INFINITE_RECURSION = YES;
				CLANG_WARN_INT_CONVERSION = YES;
				CLANG_WARN_NON_LITERAL_NULL_CONVERSION = YES;
				CLANG_WARN_OBJC_IMPLICIT_RETAIN_SELF = YES;
				CLANG_WARN_OBJC_LITERAL_CONVERSION = YES;
				CLANG_WARN_OBJC_ROOT_CLASS = YES_ERROR;
				CLANG_WARN_QUOTED_INCLUDE_IN_FRAMEWORK_HEADER = YES;
				CLANG_WARN_RANGE_LOOP_ANALYSIS = YES;
				CLANG_WARN_STRICT_PROTOTYPES = YES;
				CLANG_WARN_SUSPICIOUS_MOVE = YES;
				CLANG_WARN_UNGUARDED_AVAILABILITY = YES_AGGRESSIVE;
				CLANG_WARN_UNREACHABLE_CODE = YES;
				CLANG_WARN__DUPLICATE_METHOD_MATCH = YES;
				COPY_PHASE_STRIP = NO;
				DEBUG_INFORMATION_FORMAT = "dwarf-with-dsym";
				ENABLE_NS_ASSERTIONS = NO;
				ENABLE_STRICT_OBJC_MSGSEND = YES;
				GCC_C_LANGUAGE_STANDARD = gnu11;
				GCC_NO_COMMON_BLOCKS = YES;
				GCC_WARN_64_TO_32_BIT_CONVERSION = YES;
				GCC_WARN_ABOUT_RETURN_TYPE = YES_ERROR;
				GCC_WARN_UNDECLARED_SELECTOR = YES;
				GCC_WARN_UNINITIALIZED_AUTOS = YES_AGGRESSIVE;
				GCC_WARN_UNUSED_FUNCTION = YES;
				GCC_WARN_UNUSED_VARIABLE = YES;
				IPHONEOS_DEPLOYMENT_TARGET = 15.4;
				MTL_ENABLE_DEBUG_INFO = NO;
				MTL_FAST_MATH = YES;
				SDKROOT = iphoneos;
				SWIFT_COMPILATION_MODE = wholemodule;
				SWIFT_OPTIMIZATION_LEVEL = "-O";
				VALIDATE_PRODUCT = YES;
			};
			name = Release;
		};
		9EFC91D9281545E200630083 /* Debug */ = {
			isa = XCBuildConfiguration;
			buildSettings = {
				ASSETCATALOG_COMPILER_APPICON_NAME = AppIcon;
				ASSETCATALOG_COMPILER_GLOBAL_ACCENT_COLOR_NAME = AccentColor;
				CODE_SIGN_STYLE = Automatic;
				CURRENT_PROJECT_VERSION = 1;
				DEVELOPMENT_ASSET_PATHS = "\"ProgressView_SwiftUI/Preview Content\"";
				DEVELOPMENT_TEAM = 8WHNXCK73W;
				ENABLE_PREVIEWS = YES;
				GENERATE_INFOPLIST_FILE = YES;
				INFOPLIST_KEY_UIApplicationSceneManifest_Generation = YES;
				INFOPLIST_KEY_UIApplicationSupportsIndirectInputEvents = YES;
				INFOPLIST_KEY_UILaunchScreen_Generation = YES;
				INFOPLIST_KEY_UISupportedInterfaceOrientations_iPad = "UIInterfaceOrientationPortrait UIInterfaceOrientationPortraitUpsideDown UIInterfaceOrientationLandscapeLeft UIInterfaceOrientationLandscapeRight";
				INFOPLIST_KEY_UISupportedInterfaceOrientations_iPhone = "UIInterfaceOrientationPortrait UIInterfaceOrientationLandscapeLeft UIInterfaceOrientationLandscapeRight";
				LD_RUNPATH_SEARCH_PATHS = (
					"$(inherited)",
					"@executable_path/Frameworks",
				);
				MARKETING_VERSION = 1.0;
				PRODUCT_BUNDLE_IDENTIFIER = "agmcoder.ProgressView-SwiftUI";
				PRODUCT_NAME = "$(TARGET_NAME)";
				SWIFT_EMIT_LOC_STRINGS = YES;
				SWIFT_VERSION = 5.0;
				TARGETED_DEVICE_FAMILY = "1,2";
			};
			name = Debug;
		};
		9EFC91DA281545E200630083 /* Release */ = {
			isa = XCBuildConfiguration;
			buildSettings = {
				ASSETCATALOG_COMPILER_APPICON_NAME = AppIcon;
				ASSETCATALOG_COMPILER_GLOBAL_ACCENT_COLOR_NAME = AccentColor;
				CODE_SIGN_STYLE = Automatic;
				CURRENT_PROJECT_VERSION = 1;
				DEVELOPMENT_ASSET_PATHS = "\"ProgressView_SwiftUI/Preview Content\"";
				DEVELOPMENT_TEAM = 8WHNXCK73W;
				ENABLE_PREVIEWS = YES;
				GENERATE_INFOPLIST_FILE = YES;
				INFOPLIST_KEY_UIApplicationSceneManifest_Generation = YES;
				INFOPLIST_KEY_UIApplicationSupportsIndirectInputEvents = YES;
				INFOPLIST_KEY_UILaunchScreen_Generation = YES;
				INFOPLIST_KEY_UISupportedInterfaceOrientations_iPad = "UIInterfaceOrientationPortrait UIInterfaceOrientationPortraitUpsideDown UIInterfaceOrientationLandscapeLeft UIInterfaceOrientationLandscapeRight";
				INFOPLIST_KEY_UISupportedInterfaceOrientations_iPhone = "UIInterfaceOrientationPortrait UIInterfaceOrientationLandscapeLeft UIInterfaceOrientationLandscapeRight";
				LD_RUNPATH_SEARCH_PATHS = (
					"$(inherited)",
					"@executable_path/Frameworks",
				);
				MARKETING_VERSION = 1.0;
				PRODUCT_BUNDLE_IDENTIFIER = "agmcoder.ProgressView-SwiftUI";
				PRODUCT_NAME = "$(TARGET_NAME)";
				SWIFT_EMIT_LOC_STRINGS = YES;
				SWIFT_VERSION = 5.0;
				TARGETED_DEVICE_FAMILY = "1,2";
			};
			name = Release;
		};
		9EFC91DC281545E200630083 /* Debug */ = {
			isa = XCBuildConfiguration;
			buildSettings = {
				ALWAYS_EMBED_SWIFT_STANDARD_LIBRARIES = YES;
				BUNDLE_LOADER = "$(TEST_HOST)";
				CODE_SIGN_STYLE = Automatic;
				CURRENT_PROJECT_VERSION = 1;
				DEVELOPMENT_TEAM = 8WHNXCK73W;
				GENERATE_INFOPLIST_FILE = YES;
				IPHONEOS_DEPLOYMENT_TARGET = 15.4;
				MARKETING_VERSION = 1.0;
				PRODUCT_BUNDLE_IDENTIFIER = "agmcoder.ProgressView-SwiftUITests";
				PRODUCT_NAME = "$(TARGET_NAME)";
				SWIFT_EMIT_LOC_STRINGS = NO;
				SWIFT_VERSION = 5.0;
				TARGETED_DEVICE_FAMILY = "1,2";
				TEST_HOST = "$(BUILT_PRODUCTS_DIR)/ProgressView_SwiftUI.app/ProgressView_SwiftUI";
			};
			name = Debug;
		};
		9EFC91DD281545E200630083 /* Release */ = {
			isa = XCBuildConfiguration;
			buildSettings = {
				ALWAYS_EMBED_SWIFT_STANDARD_LIBRARIES = YES;
				BUNDLE_LOADER = "$(TEST_HOST)";
				CODE_SIGN_STYLE = Automatic;
				CURRENT_PROJECT_VERSION = 1;
				DEVELOPMENT_TEAM = 8WHNXCK73W;
				GENERATE_INFOPLIST_FILE = YES;
				IPHONEOS_DEPLOYMENT_TARGET = 15.4;
				MARKETING_VERSION = 1.0;
				PRODUCT_BUNDLE_IDENTIFIER = "agmcoder.ProgressView-SwiftUITests";
				PRODUCT_NAME = "$(TARGET_NAME)";
				SWIFT_EMIT_LOC_STRINGS = NO;
				SWIFT_VERSION = 5.0;
				TARGETED_DEVICE_FAMILY = "1,2";
				TEST_HOST = "$(BUILT_PRODUCTS_DIR)/ProgressView_SwiftUI.app/ProgressView_SwiftUI";
			};
			name = Release;
		};
		9EFC91DF281545E200630083 /* Debug */ = {
			isa = XCBuildConfiguration;
			buildSettings = {
				ALWAYS_EMBED_SWIFT_STANDARD_LIBRARIES = YES;
				CODE_SIGN_STYLE = Automatic;
				CURRENT_PROJECT_VERSION = 1;
				DEVELOPMENT_TEAM = 8WHNXCK73W;
				GENERATE_INFOPLIST_FILE = YES;
				MARKETING_VERSION = 1.0;
				PRODUCT_BUNDLE_IDENTIFIER = "agmcoder.ProgressView-SwiftUIUITests";
				PRODUCT_NAME = "$(TARGET_NAME)";
				SWIFT_EMIT_LOC_STRINGS = NO;
				SWIFT_VERSION = 5.0;
				TARGETED_DEVICE_FAMILY = "1,2";
				TEST_TARGET_NAME = ProgressView_SwiftUI;
			};
			name = Debug;
		};
		9EFC91E0281545E200630083 /* Release */ = {
			isa = XCBuildConfiguration;
			buildSettings = {
				ALWAYS_EMBED_SWIFT_STANDARD_LIBRARIES = YES;
				CODE_SIGN_STYLE = Automatic;
				CURRENT_PROJECT_VERSION = 1;
				DEVELOPMENT_TEAM = 8WHNXCK73W;
				GENERATE_INFOPLIST_FILE = YES;
				MARKETING_VERSION = 1.0;
				PRODUCT_BUNDLE_IDENTIFIER = "agmcoder.ProgressView-SwiftUIUITests";
				PRODUCT_NAME = "$(TARGET_NAME)";
				SWIFT_EMIT_LOC_STRINGS = NO;
				SWIFT_VERSION = 5.0;
				TARGETED_DEVICE_FAMILY = "1,2";
				TEST_TARGET_NAME = ProgressView_SwiftUI;
			};
			name = Release;
		};
/* End XCBuildConfiguration section */

/* Begin XCConfigurationList section */
		9EFC91AA281545DF00630083 /* Build configuration list for PBXProject "ProgressView_SwiftUI" */ = {
			isa = XCConfigurationList;
			buildConfigurations = (
				9EFC91D6281545E200630083 /* Debug */,
				9EFC91D7281545E200630083 /* Release */,
			);
			defaultConfigurationIsVisible = 0;
			defaultConfigurationName = Release;
		};
		9EFC91D8281545E200630083 /* Build configuration list for PBXNativeTarget "ProgressView_SwiftUI" */ = {
			isa = XCConfigurationList;
			buildConfigurations = (
				9EFC91D9281545E200630083 /* Debug */,
				9EFC91DA281545E200630083 /* Release */,
			);
			defaultConfigurationIsVisible = 0;
			defaultConfigurationName = Release;
		};
		9EFC91DB281545E200630083 /* Build configuration list for PBXNativeTarget "ProgressView_SwiftUITests" */ = {
			isa = XCConfigurationList;
			buildConfigurations = (
				9EFC91DC281545E200630083 /* Debug */,
				9EFC91DD281545E200630083 /* Release */,
			);
			defaultConfigurationIsVisible = 0;
			defaultConfigurationName = Release;
		};
		9EFC91DE281545E200630083 /* Build configuration list for PBXNativeTarget "ProgressView_SwiftUIUITests" */ = {
			isa = XCConfigurationList;
			buildConfigurations = (
				9EFC91DF281545E200630083 /* Debug */,
				9EFC91E0281545E200630083 /* Release */,
			);
			defaultConfigurationIsVisible = 0;
			defaultConfigurationName = Release;
		};
/* End XCConfigurationList section */

/* Begin XCVersionGroup section */
		9EFC91BD281545E100630083 /* ProgressView_SwiftUI.xcdatamodeld */ = {
			isa = XCVersionGroup;
			children = (
				9EFC91BE281545E100630083 /* ProgressView_SwiftUI.xcdatamodel */,
			);
			currentVersion = 9EFC91BE281545E100630083 /* ProgressView_SwiftUI.xcdatamodel */;
			path = ProgressView_SwiftUI.xcdatamodeld;
			sourceTree = "<group>";
			versionGroupType = wrapper.xcdatamodel;
		};
/* End XCVersionGroup section */
	};
	rootObject = 9EFC91A7281545DF00630083 /* Project object */;
}
